
Microsoft Visual Studio Solution File, Format Version 11.00
# Visual Studio 2010
Project("{FAE04EC0-301F-11D3-BF4B-00C04F79EFBC}") = "SinavaCalısma", "SinavaCalısma\SinavaCalısma.csproj", "{78713649-84A5-4A7E-99C0-5FD25DA595DC}"
EndProject
Global
	GlobalSection(SolutionConfigurationPlatforms) = preSolution
		Debug|x86 = Debug|x86
		Release|x86 = Release|x86
	EndGlobalSection
	GlobalSection(ProjectConfigurationPlatforms) = postSolution
		{78713649-84A5-4A7E-99C0-5FD25DA595DC}.Debug|x86.ActiveCfg = Debug|x86
		{78713649-84A5-4A7E-99C0-5FD25DA595DC}.Debug|x86.Build.0 = Debug|x86
		{78713649-84A5-4A7E-99C0-5FD25DA595DC}.Release|x86.ActiveCfg = Release|x86
		{78713649-84A5-4A7E-99C0-5FD25DA595DC}.Release|x86.Build.0 = Release|x86
	EndGlobalSection
	GlobalSection(SolutionProperties) = preSolution
		HideSolutionNode = FALSE
	EndGlobalSection
EndGlobal
